
Microsoft Visual Studio Solution File, Format Version 12.00
# Visual Studio Version 17
VisualStudioVersion = 17.11.35312.102
MinimumVisualStudioVersion = 10.0.40219.1
Project("{FAE04EC0-301F-11D3-BF4B-00C04F79EFBC}") = "CS_Full_Intreduce", "CS_Full_Intreduce.csproj", "{99593D3C-7AAD-4E49-B797-2219B080EE14}"
EndProject
Global
	GlobalSection(SolutionConfigurationPlatforms) = preSolution
		Debug|Any CPU = Debug|Any CPU
		Release|Any CPU = Release|Any CPU
	EndGlobalSection
	GlobalSection(ProjectConfigurationPlatforms) = postSolution
		{99593D3C-7AAD-4E49-B797-2219B080EE14}.Debug|Any CPU.ActiveCfg = Debug|Any CPU
		{99593D3C-7AAD-4E49-B797-2219B080EE14}.Debug|Any CPU.Build.0 = Debug|Any CPU
		{99593D3C-7AAD-4E49-B797-2219B080EE14}.Release|Any CPU.ActiveCfg = Release|Any CPU
		{99593D3C-7AAD-4E49-B797-2219B080EE14}.Release|Any CPU.Build.0 = Release|Any CPU
	EndGlobalSection
	GlobalSection(SolutionProperties) = preSolution
		HideSolutionNode = FALSE
	EndGlobalSection
	GlobalSection(ExtensibilityGlobals) = postSolution
		SolutionGuid = {56BF7540-976D-4CB5-AD6D-5FE8FE0EF085}
	EndGlobalSection
EndGlobal
